
Microsoft Visual Studio Solution File, Format Version 12.00
# Visual Studio Version 17
VisualStudioVersion = 17.2.32616.157
MinimumVisualStudioVersion = 10.0.40219.1
Project("{FAE04EC0-301F-11D3-BF4B-00C04F79EFBC}") = "Variablesproject", "Variablesproject.csproj", "{D288BF28-C723-41C5-94CC-7981029CFA8D}"
EndProject
Global
	GlobalSection(SolutionConfigurationPlatforms) = preSolution
		Debug|Any CPU = Debug|Any CPU
		Release|Any CPU = Release|Any CPU
	EndGlobalSection
	GlobalSection(ProjectConfigurationPlatforms) = postSolution
		{D288BF28-C723-41C5-94CC-7981029CFA8D}.Debug|Any CPU.ActiveCfg = Debug|Any CPU
		{D288BF28-C723-41C5-94CC-7981029CFA8D}.Debug|Any CPU.Build.0 = Debug|Any CPU
		{D288BF28-C723-41C5-94CC-7981029CFA8D}.Release|Any CPU.ActiveCfg = Release|Any CPU
		{D288BF28-C723-41C5-94CC-7981029CFA8D}.Release|Any CPU.Build.0 = Release|Any CPU
	EndGlobalSection
	GlobalSection(SolutionProperties) = preSolution
		HideSolutionNode = FALSE
	EndGlobalSection
	GlobalSection(ExtensibilityGlobals) = postSolution
		SolutionGuid = {85E57D30-77A1-46BC-909C-819C24C5C3F2}
	EndGlobalSection
EndGlobal
